{
  "lockfileVersion": 1,
  "configVersion": 0,
  "workspaces": {
    "": {
      "name": "my-banzuke",
      "dependencies": {
        "@takumi-rs/wasm": "^2.5.4",
        "takumi-js": "^2.5.4",
      },
    },
  },
  "packages": {
    "@takumi-rs/core": ["@takumi-rs/core@2.5.4", "", { "dependencies": { "@takumi-rs/helpers": "2.5.4" }, "optionalDependencies": { "@takumi-rs/core-darwin-arm64": "2.5.4", "@takumi-rs/core-darwin-x64": "2.5.4", "@takumi-rs/core-linux-arm64-gnu": "2.5.4", "@takumi-rs/core-linux-arm64-musl": "2.5.4", "@takumi-rs/core-linux-x64-gnu": "2.5.4", "@takumi-rs/core-linux-x64-musl": "2.5.4", "@takumi-rs/core-win32-arm64-msvc": "2.5.4", "@takumi-rs/core-win32-x64-msvc": "2.5.4" }, "peerDependencies": { "csstype": "*" }, "optionalPeers": ["csstype"] }, "sha512-RfYVPihlYaa951bW2g7/lkK8uTQ3wxq1/yvY41K2CY98UZ8xChAcriJsF1Qxg1nAagmbLKuExJs1DSLR/+g9ow=="],

    "@takumi-rs/core-darwin-arm64": ["@takumi-rs/core-darwin-arm64@2.5.4", "", { "os": "darwin", "cpu": "arm64" }, "sha512-gbIY8SBxWK2fg13OtXj6V4ONLN683tTR08Llhr/UNqGdMn5yLw26/inn9j4sQV52QCWzczUYMwSX7aE2CaTbcw=="],

    "@takumi-rs/core-darwin-x64": ["@takumi-rs/core-darwin-x64@2.5.4", "", { "os": "darwin", "cpu": "x64" }, "sha512-yQzah3bIo4SxFeQa+O/CBpMNc/FgbaDqMlzXA5/axRhypIXmdTaK9lrPqipROgPXRkPddeMevV1WoEHslaMCfg=="],

    "@takumi-rs/core-linux-arm64-gnu": ["@takumi-rs/core-linux-arm64-gnu@2.5.4", "", { "os": "linux", "cpu": "arm64" }, "sha512-eFtuebrAm+6W7BTn/revOgIJCp14n+Fomg5DgAvyiTa1fz9Cz4R/0Nlm9OBP/bXP+S2TTqTBVsqvivGjrLJCZg=="],

    "@takumi-rs/core-linux-arm64-musl": ["@takumi-rs/core-linux-arm64-musl@2.5.4", "", { "os": "linux", "cpu": "arm64" }, "sha512-9JQEtQWOGkUYX7xPev6+TVZVNHpZlr0JOxyCCsaOKvwhyI2KLugWM8C+3CITRtqa0WfJOqJsM43UP3cFofFbvA=="],

    "@takumi-rs/core-linux-x64-gnu": ["@takumi-rs/core-linux-x64-gnu@2.5.4", "", { "os": "linux", "cpu": "x64" }, "sha512-KJp3tkS7BkwQ3WiKWse0uFjx/fKtsNayq9/sLo/8PurxZqjZAmIDMg4M9UUkWQ428uCTi+UERPNPlZQ/0XLrZQ=="],

    "@takumi-rs/core-linux-x64-musl": ["@takumi-rs/core-linux-x64-musl@2.5.4", "", { "os": "linux", "cpu": "x64" }, "sha512-WRQSnGu91GqGlA64aCHi5MepROm5pnADo6x8o3AakNxLXu0R6Hb1Tj1qJLp4nSylImzZueyR7PUNhNr3xdEBpg=="],

    "@takumi-rs/core-win32-arm64-msvc": ["@takumi-rs/core-win32-arm64-msvc@2.5.4", "", { "os": "win32", "cpu": "arm64" }, "sha512-BxtY3t4bk98mG4uS3Tao1p6U7zbKayH+KGgN7gYLkGTn3cKQtDxP/rwaebdOnnRycIDo310mzhJ5640JhDJBGQ=="],

    "@takumi-rs/core-win32-x64-msvc": ["@takumi-rs/core-win32-x64-msvc@2.5.4", "", { "os": "win32", "cpu": "x64" }, "sha512-n3yNothzsg6+3CBOB53AKKWn9pa/z1X1TrFOM7tdBSvnnEjXdoeowx6IsNVBv/OunwWjw+ah2f9ldkry+8Q2hg=="],

    "@takumi-rs/helpers": ["@takumi-rs/helpers@2.5.4", "", { "peerDependencies": { "preact": "^10.0.0", "react": "^18.0.0 || ^19.0.0" }, "optionalPeers": ["preact", "react"] }, "sha512-/bNTK2nRSmaugF4m2TDb1SLiEAN7PcORwqqa1RIfahMAqxZoNzMw2krCuNexeDRPGBNJKNCmlOB6F1heBXqHTw=="],

    "@takumi-rs/wasm": ["@takumi-rs/wasm@2.5.4", "", { "dependencies": { "@takumi-rs/helpers": "2.5.4" }, "peerDependencies": { "csstype": "*" }, "optionalPeers": ["csstype"] }, "sha512-Uae6J+SglHS2sl0hqXLGuw5nUEy/scyYOJzbGFfN79EGm+Oy5f5SkizlNKo+6H0HzWoXCNdWCvXq/Yl8stRylA=="],

    "takumi-js": ["takumi-js@2.5.4", "", { "dependencies": { "@takumi-rs/core": "2.5.4", "@takumi-rs/helpers": "2.5.4", "@takumi-rs/wasm": "2.5.4" } }, "sha512-GdzRCezKVelmjfh/J5vsEtYUeEgoKMRtwe57f7Qd4XrPdMCkYvWl8ThuHZ67J76bMqGpHUEDZATkgu8RYbTwSg=="],
  }
}
