{
  "name": "my-banzuke",
  "lockfileVersion": 3,
  "requires": true,
  "packages": {
    "": {
      "name": "my-banzuke",
      "dependencies": {
        "@takumi-rs/wasm": "^2.9.2",
        "takumi-js": "^2.9.2"
      },
      "engines": {
        "node": ">=22.0.0"
      }
    },
    "node_modules/@takumi-rs/core": {
      "version": "2.9.2",
      "resolved": "https://registry.npmjs.org/@takumi-rs/core/-/core-2.9.2.tgz",
      "integrity": "sha512-vBbe9JNRjXWqbFZSFGlyG5o4JWdFLqyFQV3sIDar10/60RdIZT3qdlIUGzTSn+Pu01mfR8buJzDBzU0+z5OcnA==",
      "license": "(MIT OR Apache-2.0)",
      "dependencies": {
        "@takumi-rs/helpers": "2.9.2"
      },
      "engines": {
        "node": ">=18"
      },
      "optionalDependencies": {
        "@takumi-rs/core-darwin-arm64": "2.9.2",
        "@takumi-rs/core-darwin-x64": "2.9.2",
        "@takumi-rs/core-linux-arm64-gnu": "2.9.2",
        "@takumi-rs/core-linux-arm64-musl": "2.9.2",
        "@takumi-rs/core-linux-x64-gnu": "2.9.2",
        "@takumi-rs/core-linux-x64-musl": "2.9.2",
        "@takumi-rs/core-win32-arm64-msvc": "2.9.2",
        "@takumi-rs/core-win32-x64-msvc": "2.9.2"
      },
      "peerDependencies": {
        "csstype": "*"
      },
      "peerDependenciesMeta": {
        "csstype": {
          "optional": true
        }
      }
    },
    "node_modules/@takumi-rs/core-darwin-arm64": {
      "version": "2.9.2",
      "resolved": "https://registry.npmjs.org/@takumi-rs/core-darwin-arm64/-/core-darwin-arm64-2.9.2.tgz",
      "integrity": "sha512-VlY4H1d3LY4lHIT2gXnBfZM1J2YEsOc0W9gZd8pT3nsDK7c0OJs5EDojW/2u4cFgNMTvspWRscu9zBot4FnScA==",
      "cpu": [
        "arm64"
      ],
      "license": "(MIT OR Apache-2.0)",
      "optional": true,
      "os": [
        "darwin"
      ],
      "engines": {
        "node": ">=18"
      }
    },
    "node_modules/@takumi-rs/core-darwin-x64": {
      "version": "2.9.2",
      "resolved": "https://registry.npmjs.org/@takumi-rs/core-darwin-x64/-/core-darwin-x64-2.9.2.tgz",
      "integrity": "sha512-xbmIZ9MliN3ALclmyccYwnPvO7yVT6K+QNoE4bt9WX4MHoTgi+DTu9y+HDRAPW5SUkGpZZuOuoVfOTqWTFUlOg==",
      "cpu": [
        "x64"
      ],
      "license": "(MIT OR Apache-2.0)",
      "optional": true,
      "os": [
        "darwin"
      ],
      "engines": {
        "node": ">=18"
      }
    },
    "node_modules/@takumi-rs/core-linux-arm64-gnu": {
      "version": "2.9.2",
      "resolved": "https://registry.npmjs.org/@takumi-rs/core-linux-arm64-gnu/-/core-linux-arm64-gnu-2.9.2.tgz",
      "integrity": "sha512-tEX+qyLciGkA5MZTvVO+6xMjIfPKvQ6Y3mnYTEOvw1bV35ICMdJNCzIwSmXnf9rY5i+ILVfLSljhJjVh1Edrag==",
      "cpu": [
        "arm64"
      ],
      "libc": [
        "glibc"
      ],
      "license": "(MIT OR Apache-2.0)",
      "optional": true,
      "os": [
        "linux"
      ],
      "engines": {
        "node": ">=18"
      }
    },
    "node_modules/@takumi-rs/core-linux-arm64-musl": {
      "version": "2.9.2",
      "resolved": "https://registry.npmjs.org/@takumi-rs/core-linux-arm64-musl/-/core-linux-arm64-musl-2.9.2.tgz",
      "integrity": "sha512-nNEGRD3q/ylMlMeuK70Xc97l71vptRAfR4WBQ1iVj+ngtDrer+/MDaUl5b9EumIzv0CDdEVm06231dcSXGwuFw==",
      "cpu": [
        "arm64"
      ],
      "libc": [
        "musl"
      ],
      "license": "(MIT OR Apache-2.0)",
      "optional": true,
      "os": [
        "linux"
      ],
      "engines": {
        "node": ">=18"
      }
    },
    "node_modules/@takumi-rs/core-linux-x64-gnu": {
      "version": "2.9.2",
      "resolved": "https://registry.npmjs.org/@takumi-rs/core-linux-x64-gnu/-/core-linux-x64-gnu-2.9.2.tgz",
      "integrity": "sha512-dvZ923YoKyA4JH/tMIvWz5aJCyI8AXBNyhvQxukRiql2DfUbEg92kaow8HNKcXrpXvgRNQdXdBaIRGekEF25xA==",
      "cpu": [
        "x64"
      ],
      "libc": [
        "glibc"
      ],
      "license": "(MIT OR Apache-2.0)",
      "optional": true,
      "os": [
        "linux"
      ],
      "engines": {
        "node": ">=18"
      }
    },
    "node_modules/@takumi-rs/core-linux-x64-musl": {
      "version": "2.9.2",
      "resolved": "https://registry.npmjs.org/@takumi-rs/core-linux-x64-musl/-/core-linux-x64-musl-2.9.2.tgz",
      "integrity": "sha512-Y0rtIbI8SysFmJtSZod76NF7l4BBGPcBjeOVyFL4skuhVy7eakJIQRB5eXWyoiubHHNyVVUZNYEpL1IK8I6shQ==",
      "cpu": [
        "x64"
      ],
      "libc": [
        "musl"
      ],
      "license": "(MIT OR Apache-2.0)",
      "optional": true,
      "os": [
        "linux"
      ],
      "engines": {
        "node": ">=18"
      }
    },
    "node_modules/@takumi-rs/core-win32-arm64-msvc": {
      "version": "2.9.2",
      "resolved": "https://registry.npmjs.org/@takumi-rs/core-win32-arm64-msvc/-/core-win32-arm64-msvc-2.9.2.tgz",
      "integrity": "sha512-o9Q7RvsluRfGzcDcuKQroUGiUhQxXRwCzMya3sm71JU8IM1GI74P4NV1S/WMjazkQOvC2PQFNBua+eY3qn6/HA==",
      "cpu": [
        "arm64"
      ],
      "license": "(MIT OR Apache-2.0)",
      "optional": true,
      "os": [
        "win32"
      ],
      "engines": {
        "node": ">=18"
      }
    },
    "node_modules/@takumi-rs/core-win32-x64-msvc": {
      "version": "2.9.2",
      "resolved": "https://registry.npmjs.org/@takumi-rs/core-win32-x64-msvc/-/core-win32-x64-msvc-2.9.2.tgz",
      "integrity": "sha512-kSHGDWJiK8O7JgLLK8WMlhXY3BESO5sDQ3loAttegOFKETyrBtIOj4a6j6akZpIPGO77fNPJ/aKtqankok8tOA==",
      "cpu": [
        "x64"
      ],
      "license": "(MIT OR Apache-2.0)",
      "optional": true,
      "os": [
        "win32"
      ],
      "engines": {
        "node": ">=18"
      }
    },
    "node_modules/@takumi-rs/helpers": {
      "version": "2.9.2",
      "resolved": "https://registry.npmjs.org/@takumi-rs/helpers/-/helpers-2.9.2.tgz",
      "integrity": "sha512-z4PlCBVBZMsxGUV+yfBLl+KASVFsS6byS1g/02tsv9TLeb8NHGpWm0OaENDvInDCv7N2o52eyRNsxaFVBKGqhw==",
      "license": "(MIT OR Apache-2.0)",
      "engines": {
        "node": ">=18"
      },
      "peerDependencies": {
        "preact": "^10.0.0",
        "react": "^18.0.0 || ^19.0.0"
      },
      "peerDependenciesMeta": {
        "preact": {
          "optional": true
        },
        "react": {
          "optional": true
        }
      }
    },
    "node_modules/@takumi-rs/wasm": {
      "version": "2.9.2",
      "resolved": "https://registry.npmjs.org/@takumi-rs/wasm/-/wasm-2.9.2.tgz",
      "integrity": "sha512-DIkRCkXfeNgfhiLLV9WP7PBIOnKxTFQ2OCIHjVFnJ8lZCTTFS1whKrMZuk80vjvSO48sHIwdqy6MQ58AZrBw+Q==",
      "license": "(MIT OR Apache-2.0)",
      "dependencies": {
        "@takumi-rs/helpers": "2.9.2"
      },
      "engines": {
        "node": ">=18"
      },
      "peerDependencies": {
        "csstype": "*"
      },
      "peerDependenciesMeta": {
        "csstype": {
          "optional": true
        }
      }
    },
    "node_modules/takumi-js": {
      "version": "2.9.2",
      "resolved": "https://registry.npmjs.org/takumi-js/-/takumi-js-2.9.2.tgz",
      "integrity": "sha512-DWiGvMNsz2j3MIWiHMeFWJxgkvwN037Vj1UZmmbnfvTCglll3dMy/rLv27e7gZpk5UC/LljT1XHGy/MntJBjzw==",
      "license": "(MIT OR Apache-2.0)",
      "dependencies": {
        "@takumi-rs/core": "2.9.2",
        "@takumi-rs/helpers": "2.9.2",
        "@takumi-rs/wasm": "2.9.2"
      },
      "engines": {
        "node": ">=18"
      }
    }
  }
}
